// !$*UTF8*$!
{
	archiveVersion = 1;
	classes = {
	};
	objectVersion = 46;
	objects = {

/* Begin PBXBuildFile section */
		6B089A441F0AE3DC009E7C77 /* song1.mp3 in Resources */ = {isa = PBXBuildFile; fileRef = 6B089A401F0AE3DC009E7C77 /* song1.mp3 */; };
		6B089A451F0AE3DC009E7C77 /* song2.mp3 in Resources */ = {isa = PBXBuildFile; fileRef = 6B089A411F0AE3DC009E7C77 /* song2.mp3 */; };
		6B089A461F0AE3DC009E7C77 /* song3.mp3 in Resources */ = {isa = PBXBuildFile; fileRef = 6B089A421F0AE3DC009E7C77 /* song3.mp3 */; };
		6B089A471F0AE3DC009E7C77 /* song4.mp3 in Resources */ = {isa = PBXBuildFile; fileRef = 6B089A431F0AE3DC009E7C77 /* song4.mp3 */; };
		6B089A491F0AE488009E7C77 /* MusicController.swift in Sources */ = {isa = PBXBuildFile; fileRef = 6B089A481F0AE488009E7C77 /* MusicController.swift */; };
		6BAED4A41EFC5AC600E10034 /* AppDelegate.swift in Sources */ = {isa = PBXBuildFile; fileRef = 6BAED4A31EFC5AC600E10034 /* AppDelegate.swift */; };
		6BAED4A61EFC5AC600E10034 /* BackgroundScene.sks in Resources */ = {isa = PBXBuildFile; fileRef = 6BAED4A51EFC5AC600E10034 /* BackgroundScene.sks */; };
		6BAED4A81EFC5AC600E10034 /* Actions.sks in Resources */ = {isa = PBXBuildFile; fileRef = 6BAED4A71EFC5AC600E10034 /* Actions.sks */; };
		6BAED4AA1EFC5AC600E10034 /* GameScene.swift in Sources */ = {isa = PBXBuildFile; fileRef = 6BAED4A91EFC5AC600E10034 /* GameScene.swift */; };
		6BAED4AC1EFC5AC600E10034 /* GameViewController.swift in Sources */ = {isa = PBXBuildFile; fileRef = 6BAED4AB1EFC5AC600E10034 /* GameViewController.swift */; };
		6BAED4AF1EFC5AC600E10034 /* Main.storyboard in Resources */ = {isa = PBXBuildFile; fileRef = 6BAED4AD1EFC5AC600E10034 /* Main.storyboard */; };
		6BAED4B11EFC5AC600E10034 /* Assets.xcassets in Resources */ = {isa = PBXBuildFile; fileRef = 6BAED4B01EFC5AC600E10034 /* Assets.xcassets */; };
		6BAED4B41EFC5AC600E10034 /* LaunchScreen.storyboard in Resources */ = {isa = PBXBuildFile; fileRef = 6BAED4B21EFC5AC600E10034 /* LaunchScreen.storyboard */; };
		8DB153BA1F01859400920BB6 /* LevelsScene.swift in Sources */ = {isa = PBXBuildFile; fileRef = 8DB153B91F01859400920BB6 /* LevelsScene.swift */; };
		9164F1E01F02AFFD00958747 /* LevelUpScene.swift in Sources */ = {isa = PBXBuildFile; fileRef = 9164F1DF1F02AFFD00958747 /* LevelUpScene.swift */; };
		9166F8C41EFD86CE0071E84A /* MainScene.swift in Sources */ = {isa = PBXBuildFile; fileRef = 9166F8C31EFD86CE0071E84A /* MainScene.swift */; };
		916E57771F0AB4010035C28D /* back.wav in Resources */ = {isa = PBXBuildFile; fileRef = 916E57761F0AB4010035C28D /* back.wav */; };
		916E63B01F06EDB40033168C /* QanelasSoftDEMO-ExtraBold.otf in Resources */ = {isa = PBXBuildFile; fileRef = 916E63AF1F06EBE30033168C /* QanelasSoftDEMO-ExtraBold.otf */; };
		918C5EC61F031AE3003CBD41 /* Background.swift in Sources */ = {isa = PBXBuildFile; fileRef = 918C5EC51F031AE3003CBD41 /* Background.swift */; };
		9197360C1F01DF2900D86AA1 /* SKViewExtension.swift in Sources */ = {isa = PBXBuildFile; fileRef = 9197360B1F01DF2900D86AA1 /* SKViewExtension.swift */; };
		91B2C49C1F05CA9A00920E24 /* Preferences.swift in Sources */ = {isa = PBXBuildFile; fileRef = 91B2C4951F05CA9A00920E24 /* Preferences.swift */; };
		91B2C49D1F05CA9A00920E24 /* Level.swift in Sources */ = {isa = PBXBuildFile; fileRef = 91B2C4961F05CA9A00920E24 /* Level.swift */; };
		91B2C49E1F05CA9A00920E24 /* ShapeArc.swift in Sources */ = {isa = PBXBuildFile; fileRef = 91B2C4971F05CA9A00920E24 /* ShapeArc.swift */; };
		91B2C49F1F05CA9A00920E24 /* SubLevel.swift in Sources */ = {isa = PBXBuildFile; fileRef = 91B2C4981F05CA9A00920E24 /* SubLevel.swift */; };
		91B2C4A01F05CA9A00920E24 /* SubShape.swift in Sources */ = {isa = PBXBuildFile; fileRef = 91B2C4991F05CA9A00920E24 /* SubShape.swift */; };
		91B2C4A11F05CA9A00920E24 /* World.json in Resources */ = {isa = PBXBuildFile; fileRef = 91B2C49A1F05CA9A00920E24 /* World.json */; };
		91B2C4A21F05CA9A00920E24 /* World.swift in Sources */ = {isa = PBXBuildFile; fileRef = 91B2C49B1F05CA9A00920E24 /* World.swift */; };
		91E5E1251F0351130017484B /* CGFloatExtension.swift in Sources */ = {isa = PBXBuildFile; fileRef = 91E5E1241F0351130017484B /* CGFloatExtension.swift */; };
		91EB65341F01CB56001A2BDD /* CreditsScene.swift in Sources */ = {isa = PBXBuildFile; fileRef = 91EB65331F01CB56001A2BDD /* CreditsScene.swift */; };
		ED0A2DDC1F01D8F60058E8D3 /* UserDefaultsManager.swift in Sources */ = {isa = PBXBuildFile; fileRef = ED0A2DDB1F01D8F60058E8D3 /* UserDefaultsManager.swift */; };
/* End PBXBuildFile section */

/* Begin PBXFileReference section */
		6B089A401F0AE3DC009E7C77 /* song1.mp3 */ = {isa = PBXFileReference; lastKnownFileType = audio.mp3; path = song1.mp3; sourceTree = "<group>"; };
		6B089A411F0AE3DC009E7C77 /* song2.mp3 */ = {isa = PBXFileReference; lastKnownFileType = audio.mp3; path = song2.mp3; sourceTree = "<group>"; };
		6B089A421F0AE3DC009E7C77 /* song3.mp3 */ = {isa = PBXFileReference; lastKnownFileType = audio.mp3; path = song3.mp3; sourceTree = "<group>"; };
		6B089A431F0AE3DC009E7C77 /* song4.mp3 */ = {isa = PBXFileReference; lastKnownFileType = audio.mp3; path = song4.mp3; sourceTree = "<group>"; };
		6B089A481F0AE488009E7C77 /* MusicController.swift */ = {isa = PBXFileReference; fileEncoding = 4; lastKnownFileType = sourcecode.swift; path = MusicController.swift; sourceTree = "<group>"; };
		6BAED4A01EFC5AC600E10034 /* nanoChallenge3.app */ = {isa = PBXFileReference; explicitFileType = wrapper.application; includeInIndex = 0; path = nanoChallenge3.app; sourceTree = BUILT_PRODUCTS_DIR; };
		6BAED4A31EFC5AC600E10034 /* AppDelegate.swift */ = {isa = PBXFileReference; lastKnownFileType = sourcecode.swift; path = AppDelegate.swift; sourceTree = "<group>"; };
		6BAED4A51EFC5AC600E10034 /* BackgroundScene.sks */ = {isa = PBXFileReference; lastKnownFileType = file.sks; path = BackgroundScene.sks; sourceTree = "<group>"; };
		6BAED4A71EFC5AC600E10034 /* Actions.sks */ = {isa = PBXFileReference; lastKnownFileType = file.sks; path = Actions.sks; sourceTree = "<group>"; };
		6BAED4A91EFC5AC600E10034 /* GameScene.swift */ = {isa = PBXFileReference; lastKnownFileType = sourcecode.swift; path = GameScene.swift; sourceTree = "<group>"; };
		6BAED4AB1EFC5AC600E10034 /* GameViewController.swift */ = {isa = PBXFileReference; lastKnownFileType = sourcecode.swift; path = GameViewController.swift; sourceTree = "<group>"; };
		6BAED4AE1EFC5AC600E10034 /* Base */ = {isa = PBXFileReference; lastKnownFileType = file.storyboard; name = Base; path = Base.lproj/Main.storyboard; sourceTree = "<group>"; };
		6BAED4B01EFC5AC600E10034 /* Assets.xcassets */ = {isa = PBXFileReference; lastKnownFileType = folder.assetcatalog; path = Assets.xcassets; sourceTree = "<group>"; };
		6BAED4B31EFC5AC600E10034 /* Base */ = {isa = PBXFileReference; lastKnownFileType = file.storyboard; name = Base; path = Base.lproj/LaunchScreen.storyboard; sourceTree = "<group>"; };
		6BAED4B51EFC5AC600E10034 /* Info.plist */ = {isa = PBXFileReference; lastKnownFileType = text.plist.xml; path = Info.plist; sourceTree = "<group>"; };
		8DB153B91F01859400920BB6 /* LevelsScene.swift */ = {isa = PBXFileReference; fileEncoding = 4; lastKnownFileType = sourcecode.swift; path = LevelsScene.swift; sourceTree = "<group>"; };
		9164F1DF1F02AFFD00958747 /* LevelUpScene.swift */ = {isa = PBXFileReference; fileEncoding = 4; lastKnownFileType = sourcecode.swift; path = LevelUpScene.swift; sourceTree = "<group>"; };
		9166F8C31EFD86CE0071E84A /* MainScene.swift */ = {isa = PBXFileReference; fileEncoding = 4; lastKnownFileType = sourcecode.swift; path = MainScene.swift; sourceTree = "<group>"; };
		916E57761F0AB4010035C28D /* back.wav */ = {isa = PBXFileReference; lastKnownFileType = audio.wav; path = back.wav; sourceTree = "<group>"; };
		916E63AF1F06EBE30033168C /* QanelasSoftDEMO-ExtraBold.otf */ = {isa = PBXFileReference; lastKnownFileType = file; path = "QanelasSoftDEMO-ExtraBold.otf"; sourceTree = "<group>"; };
		918C5EC51F031AE3003CBD41 /* Background.swift */ = {isa = PBXFileReference; lastKnownFileType = sourcecode.swift; path = Background.swift; sourceTree = "<group>"; };
		9197360B1F01DF2900D86AA1 /* SKViewExtension.swift */ = {isa = PBXFileReference; fileEncoding = 4; lastKnownFileType = sourcecode.swift; path = SKViewExtension.swift; sourceTree = "<group>"; };
		91B2C4951F05CA9A00920E24 /* Preferences.swift */ = {isa = PBXFileReference; fileEncoding = 4; lastKnownFileType = sourcecode.swift; path = Preferences.swift; sourceTree = "<group>"; };
		91B2C4961F05CA9A00920E24 /* Level.swift */ = {isa = PBXFileReference; fileEncoding = 4; lastKnownFileType = sourcecode.swift; path = Level.swift; sourceTree = "<group>"; };
		91B2C4971F05CA9A00920E24 /* ShapeArc.swift */ = {isa = PBXFileReference; fileEncoding = 4; lastKnownFileType = sourcecode.swift; path = ShapeArc.swift; sourceTree = "<group>"; };
		91B2C4981F05CA9A00920E24 /* SubLevel.swift */ = {isa = PBXFileReference; fileEncoding = 4; lastKnownFileType = sourcecode.swift; path = SubLevel.swift; sourceTree = "<group>"; };
		91B2C4991F05CA9A00920E24 /* SubShape.swift */ = {isa = PBXFileReference; fileEncoding = 4; lastKnownFileType = sourcecode.swift; path = SubShape.swift; sourceTree = "<group>"; };
		91B2C49A1F05CA9A00920E24 /* World.json */ = {isa = PBXFileReference; fileEncoding = 4; lastKnownFileType = text.json; path = World.json; sourceTree = "<group>"; };
		91B2C49B1F05CA9A00920E24 /* World.swift */ = {isa = PBXFileReference; fileEncoding = 4; lastKnownFileType = sourcecode.swift; path = World.swift; sourceTree = "<group>"; };
		91E5E1241F0351130017484B /* CGFloatExtension.swift */ = {isa = PBXFileReference; lastKnownFileType = sourcecode.swift; path = CGFloatExtension.swift; sourceTree = "<group>"; };
		91EB65331F01CB56001A2BDD /* CreditsScene.swift */ = {isa = PBXFileReference; fileEncoding = 4; lastKnownFileType = sourcecode.swift; path = CreditsScene.swift; sourceTree = "<group>"; };
		ED0A2DDB1F01D8F60058E8D3 /* UserDefaultsManager.swift */ = {isa = PBXFileReference; fileEncoding = 4; lastKnownFileType = sourcecode.swift; path = UserDefaultsManager.swift; sourceTree = "<group>"; };
/* End PBXFileReference section */

/* Begin PBXFrameworksBuildPhase section */
		6BAED49D1EFC5AC600E10034 /* Frameworks */ = {
			isa = PBXFrameworksBuildPhase;
			buildActionMask = 2147483647;
			files = (
			);
			runOnlyForDeploymentPostprocessing = 0;
		};
/* End PBXFrameworksBuildPhase section */

/* Begin PBXGroup section */
		6B089A3F1F0AE3A1009E7C77 /* Songs */ = {
			isa = PBXGroup;
			children = (
				916E57761F0AB4010035C28D /* back.wav */,
				6B089A401F0AE3DC009E7C77 /* song1.mp3 */,
				6B089A411F0AE3DC009E7C77 /* song2.mp3 */,
				6B089A421F0AE3DC009E7C77 /* song3.mp3 */,
				6B089A431F0AE3DC009E7C77 /* song4.mp3 */,
			);
			name = Songs;
			sourceTree = "<group>";
		};
		6BAED4971EFC5AC600E10034 = {
			isa = PBXGroup;
			children = (
				6BAED4A21EFC5AC600E10034 /* nanoChallenge3 */,
				6BAED4A11EFC5AC600E10034 /* Products */,
			);
			sourceTree = "<group>";
		};
		6BAED4A11EFC5AC600E10034 /* Products */ = {
			isa = PBXGroup;
			children = (
				6BAED4A01EFC5AC600E10034 /* nanoChallenge3.app */,
			);
			name = Products;
			sourceTree = "<group>";
		};
		6BAED4A21EFC5AC600E10034 /* nanoChallenge3 */ = {
			isa = PBXGroup;
			children = (
				6B089A3F1F0AE3A1009E7C77 /* Songs */,
				6BAED4A71EFC5AC600E10034 /* Actions.sks */,
				6BAED4A31EFC5AC600E10034 /* AppDelegate.swift */,
				91B2C4951F05CA9A00920E24 /* Preferences.swift */,
				91B2C4961F05CA9A00920E24 /* Level.swift */,
				91B2C4971F05CA9A00920E24 /* ShapeArc.swift */,
				91B2C4981F05CA9A00920E24 /* SubLevel.swift */,
				91B2C4991F05CA9A00920E24 /* SubShape.swift */,
				91B2C49A1F05CA9A00920E24 /* World.json */,
				91B2C49B1F05CA9A00920E24 /* World.swift */,
				91EB65331F01CB56001A2BDD /* CreditsScene.swift */,
				6BAED4A51EFC5AC600E10034 /* BackgroundScene.sks */,
				6BAED4A91EFC5AC600E10034 /* GameScene.swift */,
				8DB153B91F01859400920BB6 /* LevelsScene.swift */,
				9164F1DF1F02AFFD00958747 /* LevelUpScene.swift */,
				9166F8C31EFD86CE0071E84A /* MainScene.swift */,
				ED0A2DDB1F01D8F60058E8D3 /* UserDefaultsManager.swift */,
				6B089A481F0AE488009E7C77 /* MusicController.swift */,
				6BAED4AB1EFC5AC600E10034 /* GameViewController.swift */,
				6BAED4AD1EFC5AC600E10034 /* Main.storyboard */,
				6BAED4B01EFC5AC600E10034 /* Assets.xcassets */,
				6BAED4B21EFC5AC600E10034 /* LaunchScreen.storyboard */,
				6BAED4B51EFC5AC600E10034 /* Info.plist */,
				91E5E1241F0351130017484B /* CGFloatExtension.swift */,
				9197360B1F01DF2900D86AA1 /* SKViewExtension.swift */,
				918C5EC51F031AE3003CBD41 /* Background.swift */,
				916E63AF1F06EBE30033168C /* QanelasSoftDEMO-ExtraBold.otf */,
			);
			path = nanoChallenge3;
			sourceTree = "<group>";
		};
/* End PBXGroup section */

/* Begin PBXNativeTarget section */
		6BAED49F1EFC5AC600E10034 /* nanoChallenge3 */ = {
			isa = PBXNativeTarget;
			buildConfigurationList = 6BAED4B81EFC5AC600E10034 /* Build configuration list for PBXNativeTarget "nanoChallenge3" */;
			buildPhases = (
				6BAED49C1EFC5AC600E10034 /* Sources */,
				6BAED49D1EFC5AC600E10034 /* Frameworks */,
				6BAED49E1EFC5AC600E10034 /* Resources */,
			);
			buildRules = (
			);
			dependencies = (
			);
			name = nanoChallenge3;
			productName = nanoChallenge3;
			productReference = 6BAED4A01EFC5AC600E10034 /* nanoChallenge3.app */;
			productType = "com.apple.product-type.application";
		};
/* End PBXNativeTarget section */

/* Begin PBXProject section */
		6BAED4981EFC5AC600E10034 /* Project object */ = {
			isa = PBXProject;
			attributes = {
				LastSwiftUpdateCheck = 0830;
				LastUpgradeCheck = 0830;
				TargetAttributes = {
					6BAED49F1EFC5AC600E10034 = {
						CreatedOnToolsVersion = 8.3.3;
						DevelopmentTeam = JM5PLAS48Y;
						ProvisioningStyle = Automatic;
					};
				};
			};
			buildConfigurationList = 6BAED49B1EFC5AC600E10034 /* Build configuration list for PBXProject "nanoChallenge3" */;
			compatibilityVersion = "Xcode 3.2";
			developmentRegion = English;
			hasScannedForEncodings = 0;
			knownRegions = (
				en,
				Base,
			);
			mainGroup = 6BAED4971EFC5AC600E10034;
			productRefGroup = 6BAED4A11EFC5AC600E10034 /* Products */;
			projectDirPath = "";
			projectRoot = "";
			targets = (
				6BAED49F1EFC5AC600E10034 /* nanoChallenge3 */,
			);
		};
/* End PBXProject section */

/* Begin PBXResourcesBuildPhase section */
		6BAED49E1EFC5AC600E10034 /* Resources */ = {
			isa = PBXResourcesBuildPhase;
			buildActionMask = 2147483647;
			files = (
				916E63B01F06EDB40033168C /* QanelasSoftDEMO-ExtraBold.otf in Resources */,
				6B089A471F0AE3DC009E7C77 /* song4.mp3 in Resources */,
				6BAED4AF1EFC5AC600E10034 /* Main.storyboard in Resources */,
				6BAED4A61EFC5AC600E10034 /* BackgroundScene.sks in Resources */,
				6B089A451F0AE3DC009E7C77 /* song2.mp3 in Resources */,
				6BAED4B11EFC5AC600E10034 /* Assets.xcassets in Resources */,
				6B089A461F0AE3DC009E7C77 /* song3.mp3 in Resources */,
				91B2C4A11F05CA9A00920E24 /* World.json in Resources */,
				6B089A441F0AE3DC009E7C77 /* song1.mp3 in Resources */,
				916E57771F0AB4010035C28D /* back.wav in Resources */,
				6BAED4B41EFC5AC600E10034 /* LaunchScreen.storyboard in Resources */,
				6BAED4A81EFC5AC600E10034 /* Actions.sks in Resources */,
			);
			runOnlyForDeploymentPostprocessing = 0;
		};
/* End PBXResourcesBuildPhase section */

/* Begin PBXSourcesBuildPhase section */
		6BAED49C1EFC5AC600E10034 /* Sources */ = {
			isa = PBXSourcesBuildPhase;
			buildActionMask = 2147483647;
			files = (
				91B2C49D1F05CA9A00920E24 /* Level.swift in Sources */,
				91B2C4A21F05CA9A00920E24 /* World.swift in Sources */,
				9164F1E01F02AFFD00958747 /* LevelUpScene.swift in Sources */,
				8DB153BA1F01859400920BB6 /* LevelsScene.swift in Sources */,
				6BAED4AA1EFC5AC600E10034 /* GameScene.swift in Sources */,
				91B2C4A01F05CA9A00920E24 /* SubShape.swift in Sources */,
				6BAED4AC1EFC5AC600E10034 /* GameViewController.swift in Sources */,
				91B2C49C1F05CA9A00920E24 /* Preferences.swift in Sources */,
				91B2C49F1F05CA9A00920E24 /* SubLevel.swift in Sources */,
				ED0A2DDC1F01D8F60058E8D3 /* UserDefaultsManager.swift in Sources */,
				9166F8C41EFD86CE0071E84A /* MainScene.swift in Sources */,
				6B089A491F0AE488009E7C77 /* MusicController.swift in Sources */,
				9197360C1F01DF2900D86AA1 /* SKViewExtension.swift in Sources */,
				6BAED4A41EFC5AC600E10034 /* AppDelegate.swift in Sources */,
				91B2C49E1F05CA9A00920E24 /* ShapeArc.swift in Sources */,
				91E5E1251F0351130017484B /* CGFloatExtension.swift in Sources */,
				91EB65341F01CB56001A2BDD /* CreditsScene.swift in Sources */,
				918C5EC61F031AE3003CBD41 /* Background.swift in Sources */,
			);
			runOnlyForDeploymentPostprocessing = 0;
		};
/* End PBXSourcesBuildPhase section */

/* Begin PBXVariantGroup section */
		6BAED4AD1EFC5AC600E10034 /* Main.storyboard */ = {
			isa = PBXVariantGroup;
			children = (
				6BAED4AE1EFC5AC600E10034 /* Base */,
			);
			name = Main.storyboard;
			sourceTree = "<group>";
		};
		6BAED4B21EFC5AC600E10034 /* LaunchScreen.storyboard */ = {
			isa = PBXVariantGroup;
			children = (
				6BAED4B31EFC5AC600E10034 /* Base */,
			);
			name = LaunchScreen.storyboard;
			sourceTree = "<group>";
		};
/* End PBXVariantGroup section */

/* Begin XCBuildConfiguration section */
		6BAED4B61EFC5AC600E10034 /* Debug */ = {
			isa = XCBuildConfiguration;
			buildSettings = {
				ALWAYS_SEARCH_USER_PATHS = NO;
				CLANG_ANALYZER_NONNULL = YES;
				CLANG_ANALYZER_NUMBER_OBJECT_CONVERSION = YES_AGGRESSIVE;
				CLANG_CXX_LANGUAGE_STANDARD = "gnu++0x";
				CLANG_CXX_LIBRARY = "libc++";
				CLANG_ENABLE_MODULES = YES;
				CLANG_ENABLE_OBJC_ARC = YES;
				CLANG_WARN_BOOL_CONVERSION = YES;
				CLANG_WARN_CONSTANT_CONVERSION = YES;
				CLANG_WARN_DIRECT_OBJC_ISA_USAGE = YES_ERROR;
				CLANG_WARN_DOCUMENTATION_COMMENTS = YES;
				CLANG_WARN_EMPTY_BODY = YES;
				CLANG_WARN_ENUM_CONVERSION = YES;
				CLANG_WARN_INFINITE_RECURSION = YES;
				CLANG_WARN_INT_CONVERSION = YES;
				CLANG_WARN_OBJC_ROOT_CLASS = YES_ERROR;
				CLANG_WARN_SUSPICIOUS_MOVE = YES;
				CLANG_WARN_UNREACHABLE_CODE = YES;
				CLANG_WARN__DUPLICATE_METHOD_MATCH = YES;
				"CODE_SIGN_IDENTITY[sdk=iphoneos*]" = "iPhone Developer";
				COPY_PHASE_STRIP = NO;
				DEBUG_INFORMATION_FORMAT = dwarf;
				ENABLE_STRICT_OBJC_MSGSEND = YES;
				ENABLE_TESTABILITY = YES;
				GCC_C_LANGUAGE_STANDARD = gnu99;
				GCC_DYNAMIC_NO_PIC = NO;
				GCC_NO_COMMON_BLOCKS = YES;
				GCC_OPTIMIZATION_LEVEL = 0;
				GCC_PREPROCESSOR_DEFINITIONS = (
					"DEBUG=1",
					"$(inherited)",
				);
				GCC_WARN_64_TO_32_BIT_CONVERSION = YES;
				GCC_WARN_ABOUT_RETURN_TYPE = YES_ERROR;
				GCC_WARN_UNDECLARED_SELECTOR = YES;
				GCC_WARN_UNINITIALIZED_AUTOS = YES_AGGRESSIVE;
				GCC_WARN_UNUSED_FUNCTION = YES;
				GCC_WARN_UNUSED_VARIABLE = YES;
				IPHONEOS_DEPLOYMENT_TARGET = 10.3;
				MTL_ENABLE_DEBUG_INFO = YES;
				ONLY_ACTIVE_ARCH = YES;
				SDKROOT = iphoneos;
				SWIFT_ACTIVE_COMPILATION_CONDITIONS = DEBUG;
				SWIFT_OPTIMIZATION_LEVEL = "-Onone";
			};
			name = Debug;
		};
		6BAED4B71EFC5AC600E10034 /* Release */ = {
			isa = XCBuildConfiguration;
			buildSettings = {
				ALWAYS_SEARCH_USER_PATHS = NO;
				CLANG_ANALYZER_NONNULL = YES;
				CLANG_ANALYZER_NUMBER_OBJECT_CONVERSION = YES_AGGRESSIVE;
				CLANG_CXX_LANGUAGE_STANDARD = "gnu++0x";
				CLANG_CXX_LIBRARY = "libc++";
				CLANG_ENABLE_MODULES = YES;
				CLANG_ENABLE_OBJC_ARC = YES;
				CLANG_WARN_BOOL_CONVERSION = YES;
				CLANG_WARN_CONSTANT_CONVERSION = YES;
				CLANG_WARN_DIRECT_OBJC_ISA_USAGE = YES_ERROR;
				CLANG_WARN_DOCUMENTATION_COMMENTS = YES;
				CLANG_WARN_EMPTY_BODY = YES;
				CLANG_WARN_ENUM_CONVERSION = YES;
				CLANG_WARN_INFINITE_RECURSION = YES;
				CLANG_WARN_INT_CONVERSION = YES;
				CLANG_WARN_OBJC_ROOT_CLASS = YES_ERROR;
				CLANG_WARN_SUSPICIOUS_MOVE = YES;
				CLANG_WARN_UNREACHABLE_CODE = YES;
				CLANG_WARN__DUPLICATE_METHOD_MATCH = YES;
				"CODE_SIGN_IDENTITY[sdk=iphoneos*]" = "iPhone Developer";
				COPY_PHASE_STRIP = NO;
				DEBUG_INFORMATION_FORMAT = "dwarf-with-dsym";
				ENABLE_NS_ASSERTIONS = NO;
				ENABLE_STRICT_OBJC_MSGSEND = YES;
				GCC_C_LANGUAGE_STANDARD = gnu99;
				GCC_NO_COMMON_BLOCKS = YES;
				GCC_WARN_64_TO_32_BIT_CONVERSION = YES;
				GCC_WARN_ABOUT_RETURN_TYPE = YES_ERROR;
				GCC_WARN_UNDECLARED_SELECTOR = YES;
				GCC_WARN_UNINITIALIZED_AUTOS = YES_AGGRESSIVE;
				GCC_WARN_UNUSED_FUNCTION = YES;
				GCC_WARN_UNUSED_VARIABLE = YES;
				IPHONEOS_DEPLOYMENT_TARGET = 10.3;
				MTL_ENABLE_DEBUG_INFO = NO;
				SDKROOT = iphoneos;
				SWIFT_OPTIMIZATION_LEVEL = "-Owholemodule";
				VALIDATE_PRODUCT = YES;
			};
			name = Release;
		};
		6BAED4B91EFC5AC600E10034 /* Debug */ = {
			isa = XCBuildConfiguration;
			buildSettings = {
				ASSETCATALOG_COMPILER_APPICON_NAME = AppIcon;
				DEVELOPMENT_TEAM = JM5PLAS48Y;
				INFOPLIST_FILE = nanoChallenge3/Info.plist;
				IPHONEOS_DEPLOYMENT_TARGET = 10.3;
				LD_RUNPATH_SEARCH_PATHS = "$(inherited) @executable_path/Frameworks";
				PRODUCT_BUNDLE_IDENTIFIER = br.com.colormatch;
				PRODUCT_NAME = "$(TARGET_NAME)";
				SWIFT_VERSION = 3.0;
				TARGETED_DEVICE_FAMILY = "1,2";
			};
			name = Debug;
		};
		6BAED4BA1EFC5AC600E10034 /* Release */ = {
			isa = XCBuildConfiguration;
			buildSettings = {
				ASSETCATALOG_COMPILER_APPICON_NAME = AppIcon;
				DEVELOPMENT_TEAM = JM5PLAS48Y;
				INFOPLIST_FILE = nanoChallenge3/Info.plist;
				IPHONEOS_DEPLOYMENT_TARGET = 10.3;
				LD_RUNPATH_SEARCH_PATHS = "$(inherited) @executable_path/Frameworks";
				PRODUCT_BUNDLE_IDENTIFIER = br.com.colormatch;
				PRODUCT_NAME = "$(TARGET_NAME)";
				SWIFT_VERSION = 3.0;
				TARGETED_DEVICE_FAMILY = "1,2";
			};
			name = Release;
		};
/* End XCBuildConfiguration section */

/* Begin XCConfigurationList section */
		6BAED49B1EFC5AC600E10034 /* Build configuration list for PBXProject "nanoChallenge3" */ = {
			isa = XCConfigurationList;
			buildConfigurations = (
				6BAED4B61EFC5AC600E10034 /* Debug */,
				6BAED4B71EFC5AC600E10034 /* Release */,
			);
			defaultConfigurationIsVisible = 0;
			defaultConfigurationName = Release;
		};
		6BAED4B81EFC5AC600E10034 /* Build configuration list for PBXNativeTarget "nanoChallenge3" */ = {
			isa = XCConfigurationList;
			buildConfigurations = (
				6BAED4B91EFC5AC600E10034 /* Debug */,
				6BAED4BA1EFC5AC600E10034 /* Release */,
			);
			defaultConfigurationIsVisible = 0;
			defaultConfigurationName = Release;
		};
/* End XCConfigurationList section */
	};
	rootObject = 6BAED4981EFC5AC600E10034 /* Project object */;
}
